{
  "name": "fetchify-example-wp-cmjs",
  "version": "1.0.0",
  "lockfileVersion": 2,
  "requires": true,
  "packages": {
    "": {
      "name": "fetchify-example-wp-cmjs",
      "version": "1.0.0",
      "hasInstallScript": true,
      "license": "ISC",
      "dependencies": {
        "@elghandour/fetchify": "file:../../.."
      }
    },
    "../../..": {
      "name": "@elghandour/fetchify",
      "version": "1.0.5",
      "license": "MIT",
      "dependencies": {
        "express": "^4.17.3",
        "node-abort-controller": "^3.0.1",
        "node-fetch": "^2.6.7"
      },
      "devDependencies": {
        "@babel/preset-env": "^7.17.10",
        "@babel/preset-react": "^7.16.7",
        "@babel/preset-typescript": "^7.16.7",
        "@types/node": "^17.0.32",
        "babel-loader": "^8.2.5",
        "concurrently": "^7.2.0",
        "cross-env": "^7.0.3",
        "esbuild": "^0.14.38",
        "nodemon": "^2.0.15",
        "ts-loader": "^9.3.0",
        "typescript": "^4.6.4",
        "webpack": "^5.72.0",
        "webpack-cli": "^4.9.2",
        "webpack-dev-server": "^4.8.1"
      }
    },
    "node_modules/@elghandour/fetchify": {
      "resolved": "../../..",
      "link": true
    }
  },
  "dependencies": {
    "@elghandour/fetchify": {
      "version": "file:../../..",
      "requires": {
        "@babel/preset-env": "^7.17.10",
        "@babel/preset-react": "^7.16.7",
        "@babel/preset-typescript": "^7.16.7",
        "@types/node": "^17.0.32",
        "babel-loader": "^8.2.5",
        "concurrently": "^7.2.0",
        "cross-env": "^7.0.3",
        "esbuild": "^0.14.38",
        "express": "^4.17.3",
        "node-abort-controller": "^3.0.1",
        "node-fetch": "^2.6.7",
        "nodemon": "^2.0.15",
        "ts-loader": "^9.3.0",
        "typescript": "^4.6.4",
        "webpack": "^5.72.0",
        "webpack-cli": "^4.9.2",
        "webpack-dev-server": "^4.8.1"
      }
    }
  }
}
